
Microsoft Visual Studio Solution File, Format Version 12.00
# Visual Studio Version 16
VisualStudioVersion = 16.0.31613.86
MinimumVisualStudioVersion = 10.0.40219.1
Project("{FAE04EC0-301F-11D3-BF4B-00C04F79EFBC}") = "BlackJack.Console", "BlackJack.Console\BlackJack.Console.csproj", "{C120008D-9967-4BA6-8F7D-034143F965B3}"
EndProject
Project("{FAE04EC0-301F-11D3-BF4B-00C04F79EFBC}") = "BlackJackRepo", "BlackJack.Repo\BlackJackRepo.csproj", "{87B4C7EF-C0BD-49C3-9170-E516CC527AC1}"
EndProject
Global
	GlobalSection(SolutionConfigurationPlatforms) = preSolution
		Debug|Any CPU = Debug|Any CPU
		Release|Any CPU = Release|Any CPU
	EndGlobalSection
	GlobalSection(ProjectConfigurationPlatforms) = postSolution
		{C120008D-9967-4BA6-8F7D-034143F965B3}.Debug|Any CPU.ActiveCfg = Debug|Any CPU
		{C120008D-9967-4BA6-8F7D-034143F965B3}.Debug|Any CPU.Build.0 = Debug|Any CPU
		{C120008D-9967-4BA6-8F7D-034143F965B3}.Release|Any CPU.ActiveCfg = Release|Any CPU
		{C120008D-9967-4BA6-8F7D-034143F965B3}.Release|Any CPU.Build.0 = Release|Any CPU
		{87B4C7EF-C0BD-49C3-9170-E516CC527AC1}.Debug|Any CPU.ActiveCfg = Debug|Any CPU
		{87B4C7EF-C0BD-49C3-9170-E516CC527AC1}.Debug|Any CPU.Build.0 = Debug|Any CPU
		{87B4C7EF-C0BD-49C3-9170-E516CC527AC1}.Release|Any CPU.ActiveCfg = Release|Any CPU
		{87B4C7EF-C0BD-49C3-9170-E516CC527AC1}.Release|Any CPU.Build.0 = Release|Any CPU
	EndGlobalSection
	GlobalSection(SolutionProperties) = preSolution
		HideSolutionNode = FALSE
	EndGlobalSection
	GlobalSection(ExtensibilityGlobals) = postSolution
		SolutionGuid = {01F81CA7-2FC9-4CA3-A65E-B9752A71A4E4}
	EndGlobalSection
EndGlobal
